dependencies:
- name: envoy
  repository: file://charts/envoy
  version: 0.2.0
- name: envoy-gateway
  repository: file://charts/envoy-gateway
  version: 0.2.0
- name: gloo
  repository: file://charts/gloo
  version: 0.1.0
- name: gcplb
  repository: file://charts/gcplb
  version: 0.2.0
- name: istio
  repository: file://charts/istio
  version: 0.4.0
- name: kong
  repository: file://charts/kong
  version: 0.5.0
- name: nginx-ingress-controller
  repository: file://charts/nginx-ingress-controller
  version: 1.3.0
digest: sha256:bfff769c70f7a52ccf1d194769cfbf61d9552368b1635584abf2384b72177fae
generated: "2025-09-04T13:43:31.473230551+03:00"
