dependencies:
- name: anywhere-connectors
  repository: https://imperva.jfrog.io/artifactory/imperva-anywhere-connectors-stage
  version: 0.7.1
- name: security-engine
  repository: https://imperva.jfrog.io/artifactory/ewaf-security-engine-helm
  version: 2.1.7
- name: awf
  repository: https://imperva.jfrog.io/artifactory/awf-helmcharts-stage
  version: 1.59.0
- name: apisecurity
  repository: https://imperva.jfrog.io/artifactory/apisec-falcon-legacy-stage
  version: 0.2.0
digest: sha256:906c5e53a38000fc82079d7b68fe0505d0c0ae73dd4365ebc52275bf7c24bb93
generated: "2025-09-17T20:30:43.689743916+03:00"
